
Microsoft Visual Studio Solution File, Format Version 12.00
# Visual Studio Version 16
VisualStudioVersion = 25.0.1706.9
MinimumVisualStudioVersion = 10.0.40219.1
Project("{FAE04EC0-301F-11D3-BF4B-00C04F79EFBC}") = "ExpenseTracker", "ExpenseTracker\ExpenseTracker.csproj", "{531A071D-C02C-4FC7-A2E2-D9B516370C16}"
EndProject
Global
	GlobalSection(SolutionConfigurationPlatforms) = preSolution
		Debug|Any CPU = Debug|Any CPU
		Release|Any CPU = Release|Any CPU
	EndGlobalSection
	GlobalSection(ProjectConfigurationPlatforms) = postSolution
		{531A071D-C02C-4FC7-A2E2-D9B516370C16}.Debug|Any CPU.ActiveCfg = Debug|Any CPU
		{531A071D-C02C-4FC7-A2E2-D9B516370C16}.Debug|Any CPU.Build.0 = Debug|Any CPU
		{531A071D-C02C-4FC7-A2E2-D9B516370C16}.Release|Any CPU.ActiveCfg = Release|Any CPU
		{531A071D-C02C-4FC7-A2E2-D9B516370C16}.Release|Any CPU.Build.0 = Release|Any CPU
	EndGlobalSection
	GlobalSection(SolutionProperties) = preSolution
		HideSolutionNode = FALSE
	EndGlobalSection
	GlobalSection(ExtensibilityGlobals) = postSolution
		SolutionGuid = {42BD56F6-1952-40A2-9AD9-1EFCB1201A78}
	EndGlobalSection
EndGlobal
